
Microsoft Visual Studio Solution File, Format Version 12.00
# Visual Studio Version 17
VisualStudioVersion = 17.3.32901.215
MinimumVisualStudioVersion = 10.0.40219.1
Project("{FAE04EC0-301F-11D3-BF4B-00C04F79EFBC}") = "ZeytinyagliYerimAman", "ZeytinyagliYerimAman\ZeytinyagliYerimAman.csproj", "{1C3CEA0D-5F1A-4E4B-BC69-526EA7C0200F}"
EndProject
Global
	GlobalSection(SolutionConfigurationPlatforms) = preSolution
		Debug|Any CPU = Debug|Any CPU
		Release|Any CPU = Release|Any CPU
	EndGlobalSection
	GlobalSection(ProjectConfigurationPlatforms) = postSolution
		{1C3CEA0D-5F1A-4E4B-BC69-526EA7C0200F}.Debug|Any CPU.ActiveCfg = Debug|Any CPU
		{1C3CEA0D-5F1A-4E4B-BC69-526EA7C0200F}.Debug|Any CPU.Build.0 = Debug|Any CPU
		{1C3CEA0D-5F1A-4E4B-BC69-526EA7C0200F}.Release|Any CPU.ActiveCfg = Release|Any CPU
		{1C3CEA0D-5F1A-4E4B-BC69-526EA7C0200F}.Release|Any CPU.Build.0 = Release|Any CPU
	EndGlobalSection
	GlobalSection(SolutionProperties) = preSolution
		HideSolutionNode = FALSE
	EndGlobalSection
	GlobalSection(ExtensibilityGlobals) = postSolution
		SolutionGuid = {46EBEB03-D7C5-4069-94B3-C8913ADF3B9E}
	EndGlobalSection
EndGlobal
